
Microsoft Visual Studio Solution File, Format Version 12.00
# Visual Studio 14
VisualStudioVersion = 14.0.25420.1
MinimumVisualStudioVersion = 10.0.40219.1
Project("{FAE04EC0-301F-11D3-BF4B-00C04F79EFBC}") = "SlimeSimulation", "SlimeSimulation\SlimeSimulation.csproj", "{D02CBC46-C77E-49EB-BDEF-CA6FE0AD8CAB}"
EndProject
Project("{FAE04EC0-301F-11D3-BF4B-00C04F79EFBC}") = "SlimeSimulationTests", "SlimeSimulationTests\SlimeSimulationTests.csproj", "{4C411131-7651-4DBC-A7A9-E8114398C510}"
EndProject
Project("{2150E333-8FDC-42A3-9474-1A3956D46DE8}") = "Solution Items", "Solution Items", "{5046361E-61DB-40C2-9CF5-CC350B6B4A02}"
	ProjectSection(SolutionItems) = preProject
		Performance1.psess = Performance1.psess
	EndProjectSection
EndProject
Global
	GlobalSection(SolutionConfigurationPlatforms) = preSolution
		Debug|Any CPU = Debug|Any CPU
		Release|Any CPU = Release|Any CPU
	EndGlobalSection
	GlobalSection(ProjectConfigurationPlatforms) = postSolution
		{D02CBC46-C77E-49EB-BDEF-CA6FE0AD8CAB}.Debug|Any CPU.ActiveCfg = Debug|Any CPU
		{D02CBC46-C77E-49EB-BDEF-CA6FE0AD8CAB}.Debug|Any CPU.Build.0 = Debug|Any CPU
		{D02CBC46-C77E-49EB-BDEF-CA6FE0AD8CAB}.Debug|Any CPU.Deploy.0 = Debug|Any CPU
		{D02CBC46-C77E-49EB-BDEF-CA6FE0AD8CAB}.Release|Any CPU.ActiveCfg = Release|Any CPU
		{D02CBC46-C77E-49EB-BDEF-CA6FE0AD8CAB}.Release|Any CPU.Build.0 = Release|Any CPU
		{4C411131-7651-4DBC-A7A9-E8114398C510}.Debug|Any CPU.ActiveCfg = Debug|Any CPU
		{4C411131-7651-4DBC-A7A9-E8114398C510}.Debug|Any CPU.Build.0 = Debug|Any CPU
		{4C411131-7651-4DBC-A7A9-E8114398C510}.Release|Any CPU.ActiveCfg = Release|Any CPU
		{4C411131-7651-4DBC-A7A9-E8114398C510}.Release|Any CPU.Build.0 = Release|Any CPU
	EndGlobalSection
	GlobalSection(SolutionProperties) = preSolution
		HideSolutionNode = FALSE
	EndGlobalSection
EndGlobal
